
Microsoft Visual Studio Solution File, Format Version 12.00
# Visual Studio 15
Project("{FAE04EC0-301F-11D3-BF4B-00C04F79EFBC}") = "Assembly-CSharp", "Assembly-CSharp.csproj", "{003F55EF-71EF-965E-DE9E-461D2F5F2205}"
EndProject
Project("{FAE04EC0-301F-11D3-BF4B-00C04F79EFBC}") = "Assembly-CSharp-Editor", "Assembly-CSharp-Editor.csproj", "{CAAFCBBC-FC08-2DCD-1DAD-C52DE6D694B3}"
EndProject
Global
	GlobalSection(SolutionConfigurationPlatforms) = preSolution
		Debug|Any CPU = Debug|Any CPU
		Release|Any CPU = Release|Any CPU
	EndGlobalSection
	GlobalSection(ProjectConfigurationPlatforms) = postSolution
		{003F55EF-71EF-965E-DE9E-461D2F5F2205}.Debug|Any CPU.ActiveCfg = Debug|Any CPU
		{003F55EF-71EF-965E-DE9E-461D2F5F2205}.Debug|Any CPU.Build.0 = Debug|Any CPU
		{003F55EF-71EF-965E-DE9E-461D2F5F2205}.Release|Any CPU.ActiveCfg = Release|Any CPU
		{003F55EF-71EF-965E-DE9E-461D2F5F2205}.Release|Any CPU.Build.0 = Release|Any CPU
		{CAAFCBBC-FC08-2DCD-1DAD-C52DE6D694B3}.Debug|Any CPU.ActiveCfg = Debug|Any CPU
		{CAAFCBBC-FC08-2DCD-1DAD-C52DE6D694B3}.Debug|Any CPU.Build.0 = Debug|Any CPU
		{CAAFCBBC-FC08-2DCD-1DAD-C52DE6D694B3}.Release|Any CPU.ActiveCfg = Release|Any CPU
		{CAAFCBBC-FC08-2DCD-1DAD-C52DE6D694B3}.Release|Any CPU.Build.0 = Release|Any CPU
	EndGlobalSection
	GlobalSection(SolutionProperties) = preSolution
		HideSolutionNode = FALSE
	EndGlobalSection
EndGlobal
